
Microsoft Visual Studio Solution File, Format Version 12.00
# Visual Studio Version 17
VisualStudioVersion = 17.9.34616.47
MinimumVisualStudioVersion = 10.0.40219.1
Project("{8BC9CEB8-8B4A-11D0-8D11-00A0C91BC942}") = "iofile", "iofile\iofile.vcxproj", "{EF2EA40E-D44D-4DEA-8FDF-AA17DBB9CAA8}"
EndProject
Project("{8BC9CEB8-8B4A-11D0-8D11-00A0C91BC942}") = "ioFileWithPath", "ioFileWithPath\ioFileWithPath.vcxproj", "{2218EF4F-1248-491E-BC89-4FB722BABB9F}"
EndProject
Project("{8BC9CEB8-8B4A-11D0-8D11-00A0C91BC942}") = "ExceptionStandar", "ExceptionStandar\ExceptionStandar.vcxproj", "{D254DF0D-A758-4D65-B1A2-DA421FE510BF}"
EndProject
Project("{8BC9CEB8-8B4A-11D0-8D11-00A0C91BC942}") = "ManualException", "ManualException\ManualException.vcxproj", "{371C1FD0-ED8B-4A44-894A-D13697A2819F}"
EndProject
Global
	GlobalSection(SolutionConfigurationPlatforms) = preSolution
		Debug|x64 = Debug|x64
		Debug|x86 = Debug|x86
		Release|x64 = Release|x64
		Release|x86 = Release|x86
	EndGlobalSection
	GlobalSection(ProjectConfigurationPlatforms) = postSolution
		{EF2EA40E-D44D-4DEA-8FDF-AA17DBB9CAA8}.Debug|x64.ActiveCfg = Debug|x64
		{EF2EA40E-D44D-4DEA-8FDF-AA17DBB9CAA8}.Debug|x64.Build.0 = Debug|x64
		{EF2EA40E-D44D-4DEA-8FDF-AA17DBB9CAA8}.Debug|x86.ActiveCfg = Debug|Win32
		{EF2EA40E-D44D-4DEA-8FDF-AA17DBB9CAA8}.Debug|x86.Build.0 = Debug|Win32
		{EF2EA40E-D44D-4DEA-8FDF-AA17DBB9CAA8}.Release|x64.ActiveCfg = Release|x64
		{EF2EA40E-D44D-4DEA-8FDF-AA17DBB9CAA8}.Release|x64.Build.0 = Release|x64
		{EF2EA40E-D44D-4DEA-8FDF-AA17DBB9CAA8}.Release|x86.ActiveCfg = Release|Win32
		{EF2EA40E-D44D-4DEA-8FDF-AA17DBB9CAA8}.Release|x86.Build.0 = Release|Win32
		{2218EF4F-1248-491E-BC89-4FB722BABB9F}.Debug|x64.ActiveCfg = Debug|x64
		{2218EF4F-1248-491E-BC89-4FB722BABB9F}.Debug|x64.Build.0 = Debug|x64
		{2218EF4F-1248-491E-BC89-4FB722BABB9F}.Debug|x86.ActiveCfg = Debug|Win32
		{2218EF4F-1248-491E-BC89-4FB722BABB9F}.Debug|x86.Build.0 = Debug|Win32
		{2218EF4F-1248-491E-BC89-4FB722BABB9F}.Release|x64.ActiveCfg = Release|x64
		{2218EF4F-1248-491E-BC89-4FB722BABB9F}.Release|x64.Build.0 = Release|x64
		{2218EF4F-1248-491E-BC89-4FB722BABB9F}.Release|x86.ActiveCfg = Release|Win32
		{2218EF4F-1248-491E-BC89-4FB722BABB9F}.Release|x86.Build.0 = Release|Win32
		{D254DF0D-A758-4D65-B1A2-DA421FE510BF}.Debug|x64.ActiveCfg = Debug|x64
		{D254DF0D-A758-4D65-B1A2-DA421FE510BF}.Debug|x64.Build.0 = Debug|x64
		{D254DF0D-A758-4D65-B1A2-DA421FE510BF}.Debug|x86.ActiveCfg = Debug|Win32
		{D254DF0D-A758-4D65-B1A2-DA421FE510BF}.Debug|x86.Build.0 = Debug|Win32
		{D254DF0D-A758-4D65-B1A2-DA421FE510BF}.Release|x64.ActiveCfg = Release|x64
		{D254DF0D-A758-4D65-B1A2-DA421FE510BF}.Release|x64.Build.0 = Release|x64
		{D254DF0D-A758-4D65-B1A2-DA421FE510BF}.Release|x86.ActiveCfg = Release|Win32
		{D254DF0D-A758-4D65-B1A2-DA421FE510BF}.Release|x86.Build.0 = Release|Win32
		{371C1FD0-ED8B-4A44-894A-D13697A2819F}.Debug|x64.ActiveCfg = Debug|x64
		{371C1FD0-ED8B-4A44-894A-D13697A2819F}.Debug|x64.Build.0 = Debug|x64
		{371C1FD0-ED8B-4A44-894A-D13697A2819F}.Debug|x86.ActiveCfg = Debug|Win32
		{371C1FD0-ED8B-4A44-894A-D13697A2819F}.Debug|x86.Build.0 = Debug|Win32
		{371C1FD0-ED8B-4A44-894A-D13697A2819F}.Release|x64.ActiveCfg = Release|x64
		{371C1FD0-ED8B-4A44-894A-D13697A2819F}.Release|x64.Build.0 = Release|x64
		{371C1FD0-ED8B-4A44-894A-D13697A2819F}.Release|x86.ActiveCfg = Release|Win32
		{371C1FD0-ED8B-4A44-894A-D13697A2819F}.Release|x86.Build.0 = Release|Win32
	EndGlobalSection
	GlobalSection(SolutionProperties) = preSolution
		HideSolutionNode = FALSE
	EndGlobalSection
	GlobalSection(ExtensibilityGlobals) = postSolution
		SolutionGuid = {FAEF872A-1A18-45C1-8334-8CACF3ACEF51}
	EndGlobalSection
EndGlobal
